
Microsoft Visual Studio Solution File, Format Version 12.00
# Visual Studio 2017
Project("{FAE04EC0-301F-11D3-BF4B-00C04F79EFBC}") = "SIAM", "SIAM.csproj", "{16C7D41D-3649-10EF-434B-071544301167}"
EndProject
Project("{FAE04EC0-301F-11D3-BF4B-00C04F79EFBC}") = "SIAM.Editor", "SIAM.Editor.csproj", "{34A835C7-5284-89B1-E596-E16F1D54BAEE}"
EndProject
Global
	GlobalSection(SolutionConfigurationPlatforms) = preSolution
		Debug|Any CPU = Debug|Any CPU
		Release|Any CPU = Release|Any CPU
	EndGlobalSection
	GlobalSection(ProjectConfigurationPlatforms) = postSolution
		{16C7D41D-3649-10EF-434B-071544301167}.Debug|Any CPU.ActiveCfg = Debug|Any CPU
		{16C7D41D-3649-10EF-434B-071544301167}.Debug|Any CPU.Build.0 = Debug|Any CPU
		{16C7D41D-3649-10EF-434B-071544301167}.Release|Any CPU.ActiveCfg = Release|Any CPU
		{16C7D41D-3649-10EF-434B-071544301167}.Release|Any CPU.Build.0 = Release|Any CPU
		{34A835C7-5284-89B1-E596-E16F1D54BAEE}.Debug|Any CPU.ActiveCfg = Debug|Any CPU
		{34A835C7-5284-89B1-E596-E16F1D54BAEE}.Debug|Any CPU.Build.0 = Debug|Any CPU
		{34A835C7-5284-89B1-E596-E16F1D54BAEE}.Release|Any CPU.ActiveCfg = Release|Any CPU
		{34A835C7-5284-89B1-E596-E16F1D54BAEE}.Release|Any CPU.Build.0 = Release|Any CPU
	EndGlobalSection
	GlobalSection(SolutionProperties) = preSolution
		HideSolutionNode = FALSE
	EndGlobalSection
EndGlobal
